
Microsoft Visual Studio Solution File, Format Version 12.00
# Visual Studio Version 17
VisualStudioVersion = 17.5.2.0
MinimumVisualStudioVersion = 10.0.40219.1
Project("{2150E333-8FDC-42A3-9474-1A3956D46DE8}") = "Database", "Database", "{E0096E63-5207-411F-2649-837654E3C58A}"
EndProject
Project("{FAE04EC0-301F-11D3-BF4B-00C04F79EFBC}") = "ApplicationContext", "Database\ApplicationContext\ApplicationContext.csproj", "{48F5F7B4-A862-5CEE-708F-5C63379BD9CA}"
EndProject
Project("{FAE04EC0-301F-11D3-BF4B-00C04F79EFBC}") = "DatabaseModels", "Database\DatabaseModels\DatabaseModels.csproj", "{FD515106-9A3D-CA70-8516-91DB8E2268A1}"
EndProject
Project("{FAE04EC0-301F-11D3-BF4B-00C04F79EFBC}") = "KALMDbInit", "Database\KALMDbInit\KALMDbInit.csproj", "{C488724F-AF5C-4800-B7D9-E0673CA52283}"
EndProject
Global
	GlobalSection(SolutionConfigurationPlatforms) = preSolution
		Debug|Any CPU = Debug|Any CPU
		Release|Any CPU = Release|Any CPU
	EndGlobalSection
	GlobalSection(ProjectConfigurationPlatforms) = postSolution
		{48F5F7B4-A862-5CEE-708F-5C63379BD9CA}.Debug|Any CPU.ActiveCfg = Debug|Any CPU
		{48F5F7B4-A862-5CEE-708F-5C63379BD9CA}.Debug|Any CPU.Build.0 = Debug|Any CPU
		{48F5F7B4-A862-5CEE-708F-5C63379BD9CA}.Release|Any CPU.ActiveCfg = Release|Any CPU
		{48F5F7B4-A862-5CEE-708F-5C63379BD9CA}.Release|Any CPU.Build.0 = Release|Any CPU
		{FD515106-9A3D-CA70-8516-91DB8E2268A1}.Debug|Any CPU.ActiveCfg = Debug|Any CPU
		{FD515106-9A3D-CA70-8516-91DB8E2268A1}.Debug|Any CPU.Build.0 = Debug|Any CPU
		{FD515106-9A3D-CA70-8516-91DB8E2268A1}.Release|Any CPU.ActiveCfg = Release|Any CPU
		{FD515106-9A3D-CA70-8516-91DB8E2268A1}.Release|Any CPU.Build.0 = Release|Any CPU
		{C488724F-AF5C-4800-B7D9-E0673CA52283}.Debug|Any CPU.ActiveCfg = Debug|Any CPU
		{C488724F-AF5C-4800-B7D9-E0673CA52283}.Debug|Any CPU.Build.0 = Debug|Any CPU
		{C488724F-AF5C-4800-B7D9-E0673CA52283}.Release|Any CPU.ActiveCfg = Release|Any CPU
		{C488724F-AF5C-4800-B7D9-E0673CA52283}.Release|Any CPU.Build.0 = Release|Any CPU
	EndGlobalSection
	GlobalSection(SolutionProperties) = preSolution
		HideSolutionNode = FALSE
	EndGlobalSection
	GlobalSection(NestedProjects) = preSolution
		{48F5F7B4-A862-5CEE-708F-5C63379BD9CA} = {E0096E63-5207-411F-2649-837654E3C58A}
		{FD515106-9A3D-CA70-8516-91DB8E2268A1} = {E0096E63-5207-411F-2649-837654E3C58A}
		{C488724F-AF5C-4800-B7D9-E0673CA52283} = {E0096E63-5207-411F-2649-837654E3C58A}
	EndGlobalSection
	GlobalSection(ExtensibilityGlobals) = postSolution
		SolutionGuid = {79E5D79C-775D-43A3-B4C7-27A720418D66}
	EndGlobalSection
EndGlobal
